// !$*UTF8*$!
{
	archiveVersion = 1;
	classes = {
	};
	objectVersion = 46;
	objects = {

/* Begin PBXBuildFile section */
		CD2D94C31BA26CAF0077DCAE /* mainofvector.cpp in Sources */ = {isa = PBXBuildFile; fileRef = CD2D94C21BA26CAF0077DCAE /* mainofvector.cpp */; };
		CD2D94CA1BA367450077DCAE /* Longest Palindromic Substring.cpp in Sources */ = {isa = PBXBuildFile; fileRef = CD2D94C91BA367450077DCAE /* Longest Palindromic Substring.cpp */; };
		CD2D94CD1BA4D5300077DCAE /* ZigZag Conversion.cpp in Sources */ = {isa = PBXBuildFile; fileRef = CD2D94CB1BA4D5300077DCAE /* ZigZag Conversion.cpp */; };
		CD2D94D01BA6AC300077DCAE /* merge sort with child process.cpp in Sources */ = {isa = PBXBuildFile; fileRef = CD2D94CE1BA6AC300077DCAE /* merge sort with child process.cpp */; };
		CD2D94D21BA6B5220077DCAE /* thread.cpp in Sources */ = {isa = PBXBuildFile; fileRef = CD2D94D11BA6B5220077DCAE /* thread.cpp */; };
		CD2D94D91BA7548D0077DCAE /* Reverse Integer.cpp in Sources */ = {isa = PBXBuildFile; fileRef = CD2D94D81BA7548D0077DCAE /* Reverse Integer.cpp */; };
		CD2D94DB1BA7643B0077DCAE /* Palindrome Number without extra space.cpp in Sources */ = {isa = PBXBuildFile; fileRef = CD2D94DA1BA7643B0077DCAE /* Palindrome Number without extra space.cpp */; };
		CD2D94EB1BA7666F0077DCAE /* balanced binary tree.cpp in Sources */ = {isa = PBXBuildFile; fileRef = CD2D94DC1BA7666F0077DCAE /* balanced binary tree.cpp */; };
		CD2D94EC1BA7666F0077DCAE /* binary string.cpp in Sources */ = {isa = PBXBuildFile; fileRef = CD2D94DD1BA7666F0077DCAE /* binary string.cpp */; };
		CD2D94ED1BA7666F0077DCAE /* binary tree level reverse.cpp in Sources */ = {isa = PBXBuildFile; fileRef = CD2D94DE1BA7666F0077DCAE /* binary tree level reverse.cpp */; };
		CD2D94EE1BA7666F0077DCAE /* binary tree level.cpp in Sources */ = {isa = PBXBuildFile; fileRef = CD2D94DF1BA7666F0077DCAE /* binary tree level.cpp */; };
		CD2D94EF1BA7666F0077DCAE /* easy path sum.cpp in Sources */ = {isa = PBXBuildFile; fileRef = CD2D94E01BA7666F0077DCAE /* easy path sum.cpp */; };
		CD2D94F01BA7666F0077DCAE /* first bad version.cpp in Sources */ = {isa = PBXBuildFile; fileRef = CD2D94E11BA7666F0077DCAE /* first bad version.cpp */; };
		CD2D94F11BA7666F0077DCAE /* h_index.cpp in Sources */ = {isa = PBXBuildFile; fileRef = CD2D94E21BA7666F0077DCAE /* h_index.cpp */; };
		CD2D94F21BA7666F0077DCAE /* longest substring without repeat.cpp in Sources */ = {isa = PBXBuildFile; fileRef = CD2D94E31BA7666F0077DCAE /* longest substring without repeat.cpp */; };
		CD2D94F31BA7666F0077DCAE /* merge sort.cpp in Sources */ = {isa = PBXBuildFile; fileRef = CD2D94E41BA7666F0077DCAE /* merge sort.cpp */; };
		CD2D94F41BA7666F0077DCAE /* min string window.cpp in Sources */ = {isa = PBXBuildFile; fileRef = CD2D94E51BA7666F0077DCAE /* min string window.cpp */; };
		CD2D94F51BA7666F0077DCAE /* missing number.cpp in Sources */ = {isa = PBXBuildFile; fileRef = CD2D94E61BA7666F0077DCAE /* missing number.cpp */; };
		CD2D94F61BA7666F0077DCAE /* Path Sum.cpp in Sources */ = {isa = PBXBuildFile; fileRef = CD2D94E71BA7666F0077DCAE /* Path Sum.cpp */; };
		CD2D94F71BA7666F0077DCAE /* plus one.cpp in Sources */ = {isa = PBXBuildFile; fileRef = CD2D94E81BA7666F0077DCAE /* plus one.cpp */; };
		CD2D94F81BA7666F0077DCAE /* single number.cpp in Sources */ = {isa = PBXBuildFile; fileRef = CD2D94E91BA7666F0077DCAE /* single number.cpp */; };
		CD2D94F91BA7666F0077DCAE /* twoSum.cpp in Sources */ = {isa = PBXBuildFile; fileRef = CD2D94EA1BA7666F0077DCAE /* twoSum.cpp */; };
/* End PBXBuildFile section */

/* Begin PBXCopyFilesBuildPhase section */
		CD2D94BD1BA26CAF0077DCAE /* CopyFiles */ = {
			isa = PBXCopyFilesBuildPhase;
			buildActionMask = 2147483647;
			dstPath = /usr/share/man/man1/;
			dstSubfolderSpec = 0;
			files = (
			);
			runOnlyForDeploymentPostprocessing = 1;
		};
/* End PBXCopyFilesBuildPhase section */

/* Begin PBXFileReference section */
		CD2D94BF1BA26CAF0077DCAE /* leetcode */ = {isa = PBXFileReference; explicitFileType = "compiled.mach-o.executable"; includeInIndex = 0; path = leetcode; sourceTree = BUILT_PRODUCTS_DIR; };
		CD2D94C21BA26CAF0077DCAE /* mainofvector.cpp */ = {isa = PBXFileReference; lastKnownFileType = sourcecode.cpp.cpp; path = mainofvector.cpp; sourceTree = "<group>"; };
		CD2D94C91BA367450077DCAE /* Longest Palindromic Substring.cpp */ = {isa = PBXFileReference; fileEncoding = 4; lastKnownFileType = sourcecode.cpp.cpp; path = "Longest Palindromic Substring.cpp"; sourceTree = "<group>"; };
		CD2D94CB1BA4D5300077DCAE /* ZigZag Conversion.cpp */ = {isa = PBXFileReference; fileEncoding = 4; lastKnownFileType = sourcecode.cpp.cpp; path = "ZigZag Conversion.cpp"; sourceTree = "<group>"; };
		CD2D94CE1BA6AC300077DCAE /* merge sort with child process.cpp */ = {isa = PBXFileReference; fileEncoding = 4; lastKnownFileType = sourcecode.cpp.cpp; path = "merge sort with child process.cpp"; sourceTree = "<group>"; };
		CD2D94D11BA6B5220077DCAE /* thread.cpp */ = {isa = PBXFileReference; fileEncoding = 4; lastKnownFileType = sourcecode.cpp.cpp; path = thread.cpp; sourceTree = "<group>"; };
		CD2D94D41BA6D7650077DCAE /* project-config.jam */ = {isa = PBXFileReference; lastKnownFileType = sourcecode.jam; name = "project-config.jam"; path = "../../Documents/boost_1_59_0/project-config.jam"; sourceTree = "<group>"; };
		CD2D94D61BA6D7BA0077DCAE /* bjam */ = {isa = PBXFileReference; lastKnownFileType = "compiled.mach-o.executable"; name = bjam; path = ../../Documents/boost_1_59_0/bjam; sourceTree = "<group>"; };
		CD2D94D81BA7548D0077DCAE /* Reverse Integer.cpp */ = {isa = PBXFileReference; fileEncoding = 4; lastKnownFileType = sourcecode.cpp.cpp; path = "Reverse Integer.cpp"; sourceTree = "<group>"; };
		CD2D94DA1BA7643B0077DCAE /* Palindrome Number without extra space.cpp */ = {isa = PBXFileReference; fileEncoding = 4; lastKnownFileType = sourcecode.cpp.cpp; path = "Palindrome Number without extra space.cpp"; sourceTree = "<group>"; };
		CD2D94DC1BA7666F0077DCAE /* balanced binary tree.cpp */ = {isa = PBXFileReference; fileEncoding = 4; lastKnownFileType = sourcecode.cpp.cpp; path = "balanced binary tree.cpp"; sourceTree = "<group>"; };
		CD2D94DD1BA7666F0077DCAE /* binary string.cpp */ = {isa = PBXFileReference; fileEncoding = 4; lastKnownFileType = sourcecode.cpp.cpp; path = "binary string.cpp"; sourceTree = "<group>"; };
		CD2D94DE1BA7666F0077DCAE /* binary tree level reverse.cpp */ = {isa = PBXFileReference; fileEncoding = 4; lastKnownFileType = sourcecode.cpp.cpp; path = "binary tree level reverse.cpp"; sourceTree = "<group>"; };
		CD2D94DF1BA7666F0077DCAE /* binary tree level.cpp */ = {isa = PBXFileReference; fileEncoding = 4; lastKnownFileType = sourcecode.cpp.cpp; path = "binary tree level.cpp"; sourceTree = "<group>"; };
		CD2D94E01BA7666F0077DCAE /* easy path sum.cpp */ = {isa = PBXFileReference; fileEncoding = 4; lastKnownFileType = sourcecode.cpp.cpp; path = "easy path sum.cpp"; sourceTree = "<group>"; };
		CD2D94E11BA7666F0077DCAE /* first bad version.cpp */ = {isa = PBXFileReference; fileEncoding = 4; lastKnownFileType = sourcecode.cpp.cpp; path = "first bad version.cpp"; sourceTree = "<group>"; };
		CD2D94E21BA7666F0077DCAE /* h_index.cpp */ = {isa = PBXFileReference; fileEncoding = 4; lastKnownFileType = sourcecode.cpp.cpp; path = h_index.cpp; sourceTree = "<group>"; };
		CD2D94E31BA7666F0077DCAE /* longest substring without repeat.cpp */ = {isa = PBXFileReference; fileEncoding = 4; lastKnownFileType = sourcecode.cpp.cpp; path = "longest substring without repeat.cpp"; sourceTree = "<group>"; };
		CD2D94E41BA7666F0077DCAE /* merge sort.cpp */ = {isa = PBXFileReference; fileEncoding = 4; lastKnownFileType = sourcecode.cpp.cpp; path = "merge sort.cpp"; sourceTree = "<group>"; };
		CD2D94E51BA7666F0077DCAE /* min string window.cpp */ = {isa = PBXFileReference; fileEncoding = 4; lastKnownFileType = sourcecode.cpp.cpp; path = "min string window.cpp"; sourceTree = "<group>"; };
		CD2D94E61BA7666F0077DCAE /* missing number.cpp */ = {isa = PBXFileReference; fileEncoding = 4; lastKnownFileType = sourcecode.cpp.cpp; path = "missing number.cpp"; sourceTree = "<group>"; };
		CD2D94E71BA7666F0077DCAE /* Path Sum.cpp */ = {isa = PBXFileReference; fileEncoding = 4; lastKnownFileType = sourcecode.cpp.cpp; path = "Path Sum.cpp"; sourceTree = "<group>"; };
		CD2D94E81BA7666F0077DCAE /* plus one.cpp */ = {isa = PBXFileReference; fileEncoding = 4; lastKnownFileType = sourcecode.cpp.cpp; path = "plus one.cpp"; sourceTree = "<group>"; };
		CD2D94E91BA7666F0077DCAE /* single number.cpp */ = {isa = PBXFileReference; fileEncoding = 4; lastKnownFileType = sourcecode.cpp.cpp; path = "single number.cpp"; sourceTree = "<group>"; };
		CD2D94EA1BA7666F0077DCAE /* twoSum.cpp */ = {isa = PBXFileReference; fileEncoding = 4; lastKnownFileType = sourcecode.cpp.cpp; path = twoSum.cpp; sourceTree = "<group>"; };
/* End PBXFileReference section */

/* Begin PBXFrameworksBuildPhase section */
		CD2D94BC1BA26CAF0077DCAE /* Frameworks */ = {
			isa = PBXFrameworksBuildPhase;
			buildActionMask = 2147483647;
			files = (
			);
			runOnlyForDeploymentPostprocessing = 0;
		};
/* End PBXFrameworksBuildPhase section */

/* Begin PBXGroup section */
		CD2D94B61BA26CAF0077DCAE = {
			isa = PBXGroup;
			children = (
				CD2D94D61BA6D7BA0077DCAE /* bjam */,
				CD2D94D41BA6D7650077DCAE /* project-config.jam */,
				CD2D94C11BA26CAF0077DCAE /* leetcode */,
				CD2D94C01BA26CAF0077DCAE /* Products */,
			);
			sourceTree = "<group>";
		};
		CD2D94C01BA26CAF0077DCAE /* Products */ = {
			isa = PBXGroup;
			children = (
				CD2D94BF1BA26CAF0077DCAE /* leetcode */,
			);
			name = Products;
			sourceTree = "<group>";
		};
		CD2D94C11BA26CAF0077DCAE /* leetcode */ = {
			isa = PBXGroup;
			children = (
				CD2D94DC1BA7666F0077DCAE /* balanced binary tree.cpp */,
				CD2D94DD1BA7666F0077DCAE /* binary string.cpp */,
				CD2D94DE1BA7666F0077DCAE /* binary tree level reverse.cpp */,
				CD2D94DF1BA7666F0077DCAE /* binary tree level.cpp */,
				CD2D94E01BA7666F0077DCAE /* easy path sum.cpp */,
				CD2D94E11BA7666F0077DCAE /* first bad version.cpp */,
				CD2D94E21BA7666F0077DCAE /* h_index.cpp */,
				CD2D94E31BA7666F0077DCAE /* longest substring without repeat.cpp */,
				CD2D94E41BA7666F0077DCAE /* merge sort.cpp */,
				CD2D94E51BA7666F0077DCAE /* min string window.cpp */,
				CD2D94E61BA7666F0077DCAE /* missing number.cpp */,
				CD2D94E71BA7666F0077DCAE /* Path Sum.cpp */,
				CD2D94E81BA7666F0077DCAE /* plus one.cpp */,
				CD2D94E91BA7666F0077DCAE /* single number.cpp */,
				CD2D94EA1BA7666F0077DCAE /* twoSum.cpp */,
				CD2D94C21BA26CAF0077DCAE /* mainofvector.cpp */,
				CD2D94C91BA367450077DCAE /* Longest Palindromic Substring.cpp */,
				CD2D94CB1BA4D5300077DCAE /* ZigZag Conversion.cpp */,
				CD2D94CE1BA6AC300077DCAE /* merge sort with child process.cpp */,
				CD2D94D11BA6B5220077DCAE /* thread.cpp */,
				CD2D94D81BA7548D0077DCAE /* Reverse Integer.cpp */,
				CD2D94DA1BA7643B0077DCAE /* Palindrome Number without extra space.cpp */,
			);
			path = leetcode;
			sourceTree = "<group>";
		};
/* End PBXGroup section */

/* Begin PBXNativeTarget section */
		CD2D94BE1BA26CAF0077DCAE /* leetcode */ = {
			isa = PBXNativeTarget;
			buildConfigurationList = CD2D94C61BA26CAF0077DCAE /* Build configuration list for PBXNativeTarget "leetcode" */;
			buildPhases = (
				CD2D94BB1BA26CAF0077DCAE /* Sources */,
				CD2D94BC1BA26CAF0077DCAE /* Frameworks */,
				CD2D94BD1BA26CAF0077DCAE /* CopyFiles */,
			);
			buildRules = (
			);
			dependencies = (
			);
			name = leetcode;
			productName = leetcode;
			productReference = CD2D94BF1BA26CAF0077DCAE /* leetcode */;
			productType = "com.apple.product-type.tool";
		};
/* End PBXNativeTarget section */

/* Begin PBXProject section */
		CD2D94B71BA26CAF0077DCAE /* Project object */ = {
			isa = PBXProject;
			attributes = {
				LastUpgradeCheck = 0640;
				ORGANIZATIONNAME = "Lu Yang";
				TargetAttributes = {
					CD2D94BE1BA26CAF0077DCAE = {
						CreatedOnToolsVersion = 6.4;
					};
				};
			};
			buildConfigurationList = CD2D94BA1BA26CAF0077DCAE /* Build configuration list for PBXProject "leetcode" */;
			compatibilityVersion = "Xcode 3.2";
			developmentRegion = English;
			hasScannedForEncodings = 0;
			knownRegions = (
				en,
			);
			mainGroup = CD2D94B61BA26CAF0077DCAE;
			productRefGroup = CD2D94C01BA26CAF0077DCAE /* Products */;
			projectDirPath = "";
			projectRoot = "";
			targets = (
				CD2D94BE1BA26CAF0077DCAE /* leetcode */,
			);
		};
/* End PBXProject section */

/* Begin PBXSourcesBuildPhase section */
		CD2D94BB1BA26CAF0077DCAE /* Sources */ = {
			isa = PBXSourcesBuildPhase;
			buildActionMask = 2147483647;
			files = (
				CD2D94EB1BA7666F0077DCAE /* balanced binary tree.cpp in Sources */,
				CD2D94D91BA7548D0077DCAE /* Reverse Integer.cpp in Sources */,
				CD2D94EF1BA7666F0077DCAE /* easy path sum.cpp in Sources */,
				CD2D94F81BA7666F0077DCAE /* single number.cpp in Sources */,
				CD2D94C31BA26CAF0077DCAE /* mainofvector.cpp in Sources */,
				CD2D94CD1BA4D5300077DCAE /* ZigZag Conversion.cpp in Sources */,
				CD2D94EE1BA7666F0077DCAE /* binary tree level.cpp in Sources */,
				CD2D94CA1BA367450077DCAE /* Longest Palindromic Substring.cpp in Sources */,
				CD2D94F31BA7666F0077DCAE /* merge sort.cpp in Sources */,
				CD2D94D01BA6AC300077DCAE /* merge sort with child process.cpp in Sources */,
				CD2D94DB1BA7643B0077DCAE /* Palindrome Number without extra space.cpp in Sources */,
				CD2D94F11BA7666F0077DCAE /* h_index.cpp in Sources */,
				CD2D94F71BA7666F0077DCAE /* plus one.cpp in Sources */,
				CD2D94F41BA7666F0077DCAE /* min string window.cpp in Sources */,
				CD2D94F91BA7666F0077DCAE /* twoSum.cpp in Sources */,
				CD2D94F51BA7666F0077DCAE /* missing number.cpp in Sources */,
				CD2D94ED1BA7666F0077DCAE /* binary tree level reverse.cpp in Sources */,
				CD2D94F01BA7666F0077DCAE /* first bad version.cpp in Sources */,
				CD2D94EC1BA7666F0077DCAE /* binary string.cpp in Sources */,
				CD2D94F21BA7666F0077DCAE /* longest substring without repeat.cpp in Sources */,
				CD2D94F61BA7666F0077DCAE /* Path Sum.cpp in Sources */,
				CD2D94D21BA6B5220077DCAE /* thread.cpp in Sources */,
			);
			runOnlyForDeploymentPostprocessing = 0;
		};
/* End PBXSourcesBuildPhase section */

/* Begin XCBuildConfiguration section */
		CD2D94C41BA26CAF0077DCAE /* Debug */ = {
			isa = XCBuildConfiguration;
			buildSettings = {
				ALWAYS_SEARCH_USER_PATHS = NO;
				CLANG_CXX_LANGUAGE_STANDARD = "gnu++0x";
				CLANG_CXX_LIBRARY = "libc++";
				CLANG_ENABLE_MODULES = YES;
				CLANG_ENABLE_OBJC_ARC = YES;
				CLANG_WARN_BOOL_CONVERSION = YES;
				CLANG_WARN_CONSTANT_CONVERSION = YES;
				CLANG_WARN_DIRECT_OBJC_ISA_USAGE = YES_ERROR;
				CLANG_WARN_EMPTY_BODY = YES;
				CLANG_WARN_ENUM_CONVERSION = YES;
				CLANG_WARN_INT_CONVERSION = YES;
				CLANG_WARN_OBJC_ROOT_CLASS = YES_ERROR;
				CLANG_WARN_UNREACHABLE_CODE = YES;
				CLANG_WARN__DUPLICATE_METHOD_MATCH = YES;
				COPY_PHASE_STRIP = NO;
				DEBUG_INFORMATION_FORMAT = dwarf;
				ENABLE_STRICT_OBJC_MSGSEND = YES;
				GCC_C_LANGUAGE_STANDARD = gnu99;
				GCC_DYNAMIC_NO_PIC = NO;
				GCC_NO_COMMON_BLOCKS = YES;
				GCC_OPTIMIZATION_LEVEL = 0;
				GCC_PREPROCESSOR_DEFINITIONS = (
					"DEBUG=1",
					"$(inherited)",
				);
				GCC_SYMBOLS_PRIVATE_EXTERN = NO;
				GCC_WARN_64_TO_32_BIT_CONVERSION = YES;
				GCC_WARN_ABOUT_RETURN_TYPE = YES_ERROR;
				GCC_WARN_UNDECLARED_SELECTOR = YES;
				GCC_WARN_UNINITIALIZED_AUTOS = YES_AGGRESSIVE;
				GCC_WARN_UNUSED_FUNCTION = YES;
				GCC_WARN_UNUSED_VARIABLE = YES;
				MACOSX_DEPLOYMENT_TARGET = 10.10;
				MTL_ENABLE_DEBUG_INFO = YES;
				ONLY_ACTIVE_ARCH = YES;
				SDKROOT = macosx;
			};
			name = Debug;
		};
		CD2D94C51BA26CAF0077DCAE /* Release */ = {
			isa = XCBuildConfiguration;
			buildSettings = {
				ALWAYS_SEARCH_USER_PATHS = NO;
				CLANG_CXX_LANGUAGE_STANDARD = "gnu++0x";
				CLANG_CXX_LIBRARY = "libc++";
				CLANG_ENABLE_MODULES = YES;
				CLANG_ENABLE_OBJC_ARC = YES;
				CLANG_WARN_BOOL_CONVERSION = YES;
				CLANG_WARN_CONSTANT_CONVERSION = YES;
				CLANG_WARN_DIRECT_OBJC_ISA_USAGE = YES_ERROR;
				CLANG_WARN_EMPTY_BODY = YES;
				CLANG_WARN_ENUM_CONVERSION = YES;
				CLANG_WARN_INT_CONVERSION = YES;
				CLANG_WARN_OBJC_ROOT_CLASS = YES_ERROR;
				CLANG_WARN_UNREACHABLE_CODE = YES;
				CLANG_WARN__DUPLICATE_METHOD_MATCH = YES;
				COPY_PHASE_STRIP = NO;
				DEBUG_INFORMATION_FORMAT = "dwarf-with-dsym";
				ENABLE_NS_ASSERTIONS = NO;
				ENABLE_STRICT_OBJC_MSGSEND = YES;
				GCC_C_LANGUAGE_STANDARD = gnu99;
				GCC_NO_COMMON_BLOCKS = YES;
				GCC_WARN_64_TO_32_BIT_CONVERSION = YES;
				GCC_WARN_ABOUT_RETURN_TYPE = YES_ERROR;
				GCC_WARN_UNDECLARED_SELECTOR = YES;
				GCC_WARN_UNINITIALIZED_AUTOS = YES_AGGRESSIVE;
				GCC_WARN_UNUSED_FUNCTION = YES;
				GCC_WARN_UNUSED_VARIABLE = YES;
				MACOSX_DEPLOYMENT_TARGET = 10.10;
				MTL_ENABLE_DEBUG_INFO = NO;
				SDKROOT = macosx;
			};
			name = Release;
		};
		CD2D94C71BA26CAF0077DCAE /* Debug */ = {
			isa = XCBuildConfiguration;
			buildSettings = {
				"HEADER_SEARCH_PATHS[arch=*]" = /Users/Rex/Documents/boost_1_59_0/;
				"INSTALL_PATH[sdk=*]" = /Users/Rex/Documents/boost_1_59_0/boost/;
				"LIBRARY_SEARCH_PATHS[arch=*]" = /Users/Rex/Documents/boost_1_59_0/stage/lib;
				PRODUCT_NAME = "$(TARGET_NAME)";
			};
			name = Debug;
		};
		CD2D94C81BA26CAF0077DCAE /* Release */ = {
			isa = XCBuildConfiguration;
			buildSettings = {
				"HEADER_SEARCH_PATHS[arch=*]" = /Users/Rex/Documents/boost_1_59_0;
				"INSTALL_PATH[sdk=*]" = /Users/Rex/Documents/boost_1_59_0/boost/;
				"LIBRARY_SEARCH_PATHS[arch=*]" = /Users/Rex/Documents/boost_1_59_0/stage/lib;
				PRODUCT_NAME = "$(TARGET_NAME)";
			};
			name = Release;
		};
/* End XCBuildConfiguration section */

/* Begin XCConfigurationList section */
		CD2D94BA1BA26CAF0077DCAE /* Build configuration list for PBXProject "leetcode" */ = {
			isa = XCConfigurationList;
			buildConfigurations = (
				CD2D94C41BA26CAF0077DCAE /* Debug */,
				CD2D94C51BA26CAF0077DCAE /* Release */,
			);
			defaultConfigurationIsVisible = 0;
			defaultConfigurationName = Release;
		};
		CD2D94C61BA26CAF0077DCAE /* Build configuration list for PBXNativeTarget "leetcode" */ = {
			isa = XCConfigurationList;
			buildConfigurations = (
				CD2D94C71BA26CAF0077DCAE /* Debug */,
				CD2D94C81BA26CAF0077DCAE /* Release */,
			);
			defaultConfigurationIsVisible = 0;
		};
/* End XCConfigurationList section */
	};
	rootObject = CD2D94B71BA26CAF0077DCAE /* Project object */;
}
